
Microsoft Visual Studio Solution File, Format Version 12.00
# Visual Studio 15
VisualStudioVersion = 15.0.27004.2006
MinimumVisualStudioVersion = 10.0.40219.1
Project("{FAE04EC0-301F-11D3-BF4B-00C04F79EFBC}") = "ConsoleUtility", "ConsoleUtility\ConsoleUtility.csproj", "{997CDF78-A89F-4FA1-8A32-9F24B6EA0761}"
EndProject
Project("{FAE04EC0-301F-11D3-BF4B-00C04F79EFBC}") = "ConsoleUtility.Test", "ConsoleUtility.Test\ConsoleUtility.Test.csproj", "{1879D145-91C4-454D-94A8-6137765E0A12}"
EndProject
Project("{FAE04EC0-301F-11D3-BF4B-00C04F79EFBC}") = "Example", "Example\Example.csproj", "{BBFD2BEC-3AF9-41EB-860C-5B3175991D06}"
EndProject
Global
	GlobalSection(SolutionConfigurationPlatforms) = preSolution
		Debug|Any CPU = Debug|Any CPU
		Release|Any CPU = Release|Any CPU
	EndGlobalSection
	GlobalSection(ProjectConfigurationPlatforms) = postSolution
		{997CDF78-A89F-4FA1-8A32-9F24B6EA0761}.Debug|Any CPU.ActiveCfg = Debug|Any CPU
		{997CDF78-A89F-4FA1-8A32-9F24B6EA0761}.Debug|Any CPU.Build.0 = Debug|Any CPU
		{997CDF78-A89F-4FA1-8A32-9F24B6EA0761}.Release|Any CPU.ActiveCfg = Release|Any CPU
		{997CDF78-A89F-4FA1-8A32-9F24B6EA0761}.Release|Any CPU.Build.0 = Release|Any CPU
		{1879D145-91C4-454D-94A8-6137765E0A12}.Debug|Any CPU.ActiveCfg = Debug|Any CPU
		{1879D145-91C4-454D-94A8-6137765E0A12}.Debug|Any CPU.Build.0 = Debug|Any CPU
		{1879D145-91C4-454D-94A8-6137765E0A12}.Release|Any CPU.ActiveCfg = Release|Any CPU
		{1879D145-91C4-454D-94A8-6137765E0A12}.Release|Any CPU.Build.0 = Release|Any CPU
		{BBFD2BEC-3AF9-41EB-860C-5B3175991D06}.Debug|Any CPU.ActiveCfg = Debug|Any CPU
		{BBFD2BEC-3AF9-41EB-860C-5B3175991D06}.Debug|Any CPU.Build.0 = Debug|Any CPU
		{BBFD2BEC-3AF9-41EB-860C-5B3175991D06}.Release|Any CPU.ActiveCfg = Release|Any CPU
		{BBFD2BEC-3AF9-41EB-860C-5B3175991D06}.Release|Any CPU.Build.0 = Release|Any CPU
	EndGlobalSection
	GlobalSection(SolutionProperties) = preSolution
		HideSolutionNode = FALSE
	EndGlobalSection
	GlobalSection(ExtensibilityGlobals) = postSolution
		SolutionGuid = {C0BE7E09-D68E-4334-A501-AB92B55A2F80}
	EndGlobalSection
EndGlobal
